
Microsoft Visual Studio Solution File, Format Version 12.00
# Visual Studio Version 16
VisualStudioVersion = 16.0.33801.447
MinimumVisualStudioVersion = 10.0.40219.1
Project("{9A19103F-16F7-4668-BE54-9A1E7A4F7556}") = "BooksLibraryAPI.Domain", "BooksLibraryAPI.Domain\BooksLibraryAPI.Domain.csproj", "{9AD69AC0-4183-4D96-B4F8-C2A018C1679E}"
EndProject
Project("{9A19103F-16F7-4668-BE54-9A1E7A4F7556}") = "BooksLibraryAPI.Infra", "BooksLibraryAPI.Infra\BooksLibraryAPI.Infra.csproj", "{45BB5F18-39A0-4EA8-A714-1297AC7EFE67}"
EndProject
Project("{9A19103F-16F7-4668-BE54-9A1E7A4F7556}") = "BooksLibraryAPI.Service", "BooksLibraryAPI.Service\BooksLibraryAPI.Service.csproj", "{4D4FC5C2-7321-4CEC-A363-D405541C643F}"
EndProject
Project("{9A19103F-16F7-4668-BE54-9A1E7A4F7556}") = "BooksLibraryAPI.API", "BooksLibraryAPI.API\BooksLibraryAPI.API.csproj", "{5D494668-4540-49FB-AC80-5CDE3EB2DD95}"
EndProject
Global
	GlobalSection(SolutionConfigurationPlatforms) = preSolution
		Debug|Any CPU = Debug|Any CPU
		Release|Any CPU = Release|Any CPU
	EndGlobalSection
	GlobalSection(ProjectConfigurationPlatforms) = postSolution
		{9AD69AC0-4183-4D96-B4F8-C2A018C1679E}.Debug|Any CPU.ActiveCfg = Debug|Any CPU
		{9AD69AC0-4183-4D96-B4F8-C2A018C1679E}.Debug|Any CPU.Build.0 = Debug|Any CPU
		{9AD69AC0-4183-4D96-B4F8-C2A018C1679E}.Release|Any CPU.ActiveCfg = Release|Any CPU
		{9AD69AC0-4183-4D96-B4F8-C2A018C1679E}.Release|Any CPU.Build.0 = Release|Any CPU
		{45BB5F18-39A0-4EA8-A714-1297AC7EFE67}.Debug|Any CPU.ActiveCfg = Debug|Any CPU
		{45BB5F18-39A0-4EA8-A714-1297AC7EFE67}.Debug|Any CPU.Build.0 = Debug|Any CPU
		{45BB5F18-39A0-4EA8-A714-1297AC7EFE67}.Release|Any CPU.ActiveCfg = Release|Any CPU
		{45BB5F18-39A0-4EA8-A714-1297AC7EFE67}.Release|Any CPU.Build.0 = Release|Any CPU
		{4D4FC5C2-7321-4CEC-A363-D405541C643F}.Debug|Any CPU.ActiveCfg = Debug|Any CPU
		{4D4FC5C2-7321-4CEC-A363-D405541C643F}.Debug|Any CPU.Build.0 = Debug|Any CPU
		{4D4FC5C2-7321-4CEC-A363-D405541C643F}.Release|Any CPU.ActiveCfg = Release|Any CPU
		{4D4FC5C2-7321-4CEC-A363-D405541C643F}.Release|Any CPU.Build.0 = Release|Any CPU
		{5D494668-4540-49FB-AC80-5CDE3EB2DD95}.Debug|Any CPU.ActiveCfg = Debug|Any CPU
		{5D494668-4540-49FB-AC80-5CDE3EB2DD95}.Debug|Any CPU.Build.0 = Debug|Any CPU
		{5D494668-4540-49FB-AC80-5CDE3EB2DD95}.Release|Any CPU.ActiveCfg = Release|Any CPU
		{5D494668-4540-49FB-AC80-5CDE3EB2DD95}.Release|Any CPU.Build.0 = Release|Any CPU
	EndGlobalSection
	GlobalSection(SolutionProperties) = preSolution
		HideSolutionNode = FALSE
	EndGlobalSection
	GlobalSection(ExtensibilityGlobals) = postSolution
		SolutionGuid = {33CB251A-B5D1-4013-8F04-7F78D89D4467}
	EndGlobalSection
EndGlobal
